
Microsoft Visual Studio Solution File, Format Version 12.00
# Visual Studio 15
VisualStudioVersion = 15.0.28307.779
MinimumVisualStudioVersion = 10.0.40219.1
Project("{FAE04EC0-301F-11D3-BF4B-00C04F79EFBC}") = "Aplikacija", "Aplikacija\Aplikacija.csproj", "{9B86D0F7-7D01-495F-850F-5FB1BB072B0F}"
EndProject
Global
	GlobalSection(SolutionConfigurationPlatforms) = preSolution
		Debug|Any CPU = Debug|Any CPU
		Release|Any CPU = Release|Any CPU
	EndGlobalSection
	GlobalSection(ProjectConfigurationPlatforms) = postSolution
		{9B86D0F7-7D01-495F-850F-5FB1BB072B0F}.Debug|Any CPU.ActiveCfg = Debug|Any CPU
		{9B86D0F7-7D01-495F-850F-5FB1BB072B0F}.Debug|Any CPU.Build.0 = Debug|Any CPU
		{9B86D0F7-7D01-495F-850F-5FB1BB072B0F}.Release|Any CPU.ActiveCfg = Release|Any CPU
		{9B86D0F7-7D01-495F-850F-5FB1BB072B0F}.Release|Any CPU.Build.0 = Release|Any CPU
	EndGlobalSection
	GlobalSection(SolutionProperties) = preSolution
		HideSolutionNode = FALSE
	EndGlobalSection
	GlobalSection(ExtensibilityGlobals) = postSolution
		SolutionGuid = {1BF37A70-4385-4DBD-AD5B-0A13A361EF6B}
	EndGlobalSection
EndGlobal
